
Microsoft Visual Studio Solution File, Format Version 12.00
# Visual Studio 15
Project("{FAE04EC0-301F-11D3-BF4B-00C04F79EFBC}") = "ProductCalculator.Android", "ProductCalculator.Android\ProductCalculator.Android.csproj", "{8EF11C01-C311-45EC-8BBF-472828A4CF33}"
EndProject
Project("{FAE04EC0-301F-11D3-BF4B-00C04F79EFBC}") = "ProductCalculator.iOS", "ProductCalculator.iOS\ProductCalculator.iOS.csproj", "{3E1E61D0-D6DF-4F1F-A3C1-9D5BFBD76E1F}"
EndProject
Project("{FAE04EC0-301F-11D3-BF4B-00C04F79EFBC}") = "ProductCalculator", "ProductCalculator\ProductCalculator.csproj", "{259E5432-3413-49C7-A92E-99E8F94F4A0E}"
EndProject
Global
	GlobalSection(SolutionConfigurationPlatforms) = preSolution
		Debug|Any CPU = Debug|Any CPU
		Release|Any CPU = Release|Any CPU
		Debug|iPhoneSimulator = Debug|iPhoneSimulator
		Release|iPhoneSimulator = Release|iPhoneSimulator
		Debug|iPhone = Debug|iPhone
		Release|iPhone = Release|iPhone
		Ad-Hoc|iPhone = Ad-Hoc|iPhone
		AppStore|iPhone = AppStore|iPhone
	EndGlobalSection
	GlobalSection(ProjectConfigurationPlatforms) = postSolution
		{8EF11C01-C311-45EC-8BBF-472828A4CF33}.Debug|Any CPU.ActiveCfg = Debug|Any CPU
		{8EF11C01-C311-45EC-8BBF-472828A4CF33}.Debug|Any CPU.Build.0 = Debug|Any CPU
		{8EF11C01-C311-45EC-8BBF-472828A4CF33}.Release|Any CPU.ActiveCfg = Release|Any CPU
		{8EF11C01-C311-45EC-8BBF-472828A4CF33}.Release|Any CPU.Build.0 = Release|Any CPU
		{8EF11C01-C311-45EC-8BBF-472828A4CF33}.Debug|iPhoneSimulator.ActiveCfg = Debug|Any CPU
		{8EF11C01-C311-45EC-8BBF-472828A4CF33}.Debug|iPhoneSimulator.Build.0 = Debug|Any CPU
		{8EF11C01-C311-45EC-8BBF-472828A4CF33}.Release|iPhoneSimulator.ActiveCfg = Release|Any CPU
		{8EF11C01-C311-45EC-8BBF-472828A4CF33}.Release|iPhoneSimulator.Build.0 = Release|Any CPU
		{8EF11C01-C311-45EC-8BBF-472828A4CF33}.Debug|iPhone.ActiveCfg = Debug|Any CPU
		{8EF11C01-C311-45EC-8BBF-472828A4CF33}.Debug|iPhone.Build.0 = Debug|Any CPU
		{8EF11C01-C311-45EC-8BBF-472828A4CF33}.Release|iPhone.ActiveCfg = Release|Any CPU
		{8EF11C01-C311-45EC-8BBF-472828A4CF33}.Release|iPhone.Build.0 = Release|Any CPU
		{8EF11C01-C311-45EC-8BBF-472828A4CF33}.Ad-Hoc|iPhone.ActiveCfg = Debug|Any CPU
		{8EF11C01-C311-45EC-8BBF-472828A4CF33}.Ad-Hoc|iPhone.Build.0 = Debug|Any CPU
		{8EF11C01-C311-45EC-8BBF-472828A4CF33}.AppStore|iPhone.ActiveCfg = Debug|Any CPU
		{8EF11C01-C311-45EC-8BBF-472828A4CF33}.AppStore|iPhone.Build.0 = Debug|Any CPU
		{3E1E61D0-D6DF-4F1F-A3C1-9D5BFBD76E1F}.Debug|Any CPU.ActiveCfg = Debug|iPhoneSimulator
		{3E1E61D0-D6DF-4F1F-A3C1-9D5BFBD76E1F}.Debug|Any CPU.Build.0 = Debug|iPhoneSimulator
		{3E1E61D0-D6DF-4F1F-A3C1-9D5BFBD76E1F}.Release|Any CPU.ActiveCfg = Release|iPhoneSimulator
		{3E1E61D0-D6DF-4F1F-A3C1-9D5BFBD76E1F}.Release|Any CPU.Build.0 = Release|iPhoneSimulator
		{3E1E61D0-D6DF-4F1F-A3C1-9D5BFBD76E1F}.Debug|iPhoneSimulator.ActiveCfg = Debug|iPhoneSimulator
		{3E1E61D0-D6DF-4F1F-A3C1-9D5BFBD76E1F}.Debug|iPhoneSimulator.Build.0 = Debug|iPhoneSimulator
		{3E1E61D0-D6DF-4F1F-A3C1-9D5BFBD76E1F}.Release|iPhoneSimulator.ActiveCfg = Release|iPhoneSimulator
		{3E1E61D0-D6DF-4F1F-A3C1-9D5BFBD76E1F}.Release|iPhoneSimulator.Build.0 = Release|iPhoneSimulator
		{3E1E61D0-D6DF-4F1F-A3C1-9D5BFBD76E1F}.Debug|iPhone.ActiveCfg = Debug|iPhone
		{3E1E61D0-D6DF-4F1F-A3C1-9D5BFBD76E1F}.Debug|iPhone.Build.0 = Debug|iPhone
		{3E1E61D0-D6DF-4F1F-A3C1-9D5BFBD76E1F}.Release|iPhone.ActiveCfg = Release|iPhone
		{3E1E61D0-D6DF-4F1F-A3C1-9D5BFBD76E1F}.Release|iPhone.Build.0 = Release|iPhone
		{3E1E61D0-D6DF-4F1F-A3C1-9D5BFBD76E1F}.Ad-Hoc|iPhone.ActiveCfg = Ad-Hoc|iPhone
		{3E1E61D0-D6DF-4F1F-A3C1-9D5BFBD76E1F}.Ad-Hoc|iPhone.Build.0 = Ad-Hoc|iPhone
		{3E1E61D0-D6DF-4F1F-A3C1-9D5BFBD76E1F}.AppStore|iPhone.ActiveCfg = AppStore|iPhone
		{3E1E61D0-D6DF-4F1F-A3C1-9D5BFBD76E1F}.AppStore|iPhone.Build.0 = AppStore|iPhone
		{259E5432-3413-49C7-A92E-99E8F94F4A0E}.Debug|Any CPU.ActiveCfg = Debug|Any CPU
		{259E5432-3413-49C7-A92E-99E8F94F4A0E}.Debug|Any CPU.Build.0 = Debug|Any CPU
		{259E5432-3413-49C7-A92E-99E8F94F4A0E}.Release|Any CPU.ActiveCfg = Release|Any CPU
		{259E5432-3413-49C7-A92E-99E8F94F4A0E}.Release|Any CPU.Build.0 = Release|Any CPU
		{259E5432-3413-49C7-A92E-99E8F94F4A0E}.Debug|iPhoneSimulator.ActiveCfg = Debug|Any CPU
		{259E5432-3413-49C7-A92E-99E8F94F4A0E}.Debug|iPhoneSimulator.Build.0 = Debug|Any CPU
		{259E5432-3413-49C7-A92E-99E8F94F4A0E}.Release|iPhoneSimulator.ActiveCfg = Release|Any CPU
		{259E5432-3413-49C7-A92E-99E8F94F4A0E}.Release|iPhoneSimulator.Build.0 = Release|Any CPU
		{259E5432-3413-49C7-A92E-99E8F94F4A0E}.Debug|iPhone.ActiveCfg = Debug|Any CPU
		{259E5432-3413-49C7-A92E-99E8F94F4A0E}.Debug|iPhone.Build.0 = Debug|Any CPU
		{259E5432-3413-49C7-A92E-99E8F94F4A0E}.Release|iPhone.ActiveCfg = Release|Any CPU
		{259E5432-3413-49C7-A92E-99E8F94F4A0E}.Release|iPhone.Build.0 = Release|Any CPU
		{259E5432-3413-49C7-A92E-99E8F94F4A0E}.Ad-Hoc|iPhone.ActiveCfg = Debug|Any CPU
		{259E5432-3413-49C7-A92E-99E8F94F4A0E}.Ad-Hoc|iPhone.Build.0 = Debug|Any CPU
		{259E5432-3413-49C7-A92E-99E8F94F4A0E}.AppStore|iPhone.ActiveCfg = Debug|Any CPU
		{259E5432-3413-49C7-A92E-99E8F94F4A0E}.AppStore|iPhone.Build.0 = Debug|Any CPU
	EndGlobalSection
EndGlobal
